
Microsoft Visual Studio Solution File, Format Version 12.00
# Visual Studio Version 16
VisualStudioVersion = 16.0.31025.194
MinimumVisualStudioVersion = 10.0.40219.1
Project("{9A19103F-16F7-4668-BE54-9A1E7A4F7556}") = "Bot", "Bot\Bot.csproj", "{673D2FE7-5EDC-4ECF-BDF9-33A29B85B266}"
EndProject
Project("{9A19103F-16F7-4668-BE54-9A1E7A4F7556}") = "CommandHandler.Interfaces", "CommandHandler.Interfaces\CommandHandler.Interfaces.csproj", "{85CF2133-6CAC-4F01-9215-6D8BCE5C0183}"
EndProject
Project("{2150E333-8FDC-42A3-9474-1A3956D46DE8}") = "CommandHandler", "CommandHandler", "{FF64512C-78DA-4B31-B126-9678F4BA1FA2}"
EndProject
Project("{9A19103F-16F7-4668-BE54-9A1E7A4F7556}") = "CommandHandler.Rulya", "CommandHandler\CommandHandler.Rulya\CommandHandler.Rulya.csproj", "{BE2DED98-BD13-4651-B32F-17A44C676593}"
EndProject
Project("{9A19103F-16F7-4668-BE54-9A1E7A4F7556}") = "CommandHandler.Mono", "CommandHandler\CommandHandler.Mono\CommandHandler.Mono.csproj", "{E50115E4-9780-46A1-9773-26DEC0C90B8E}"
EndProject
Project("{9A19103F-16F7-4668-BE54-9A1E7A4F7556}") = "CommandHandler.Privat", "CommandHandler\CommandHandler.Privat\CommandHandler.Privat.csproj", "{6FEEAD6D-88E9-486F-AE9D-B37DD0E8301B}"
EndProject
Project("{2150E333-8FDC-42A3-9474-1A3956D46DE8}") = "Interfaces", "Interfaces", "{F2E55F1F-ADF8-4152-B305-8B354B3BFD7A}"
EndProject
Project("{2150E333-8FDC-42A3-9474-1A3956D46DE8}") = "Hepers", "Hepers", "{008A6B73-E92E-4418-9651-59E9B46CA29E}"
EndProject
Project("{9A19103F-16F7-4668-BE54-9A1E7A4F7556}") = "ExchangeRateReader.Interfaces", "ExchangeRateReader.Interfaces\ExchangeRateReader.Interfaces.csproj", "{AAB6027D-9D9C-4C5F-9CA6-9DB960D3FBEA}"
EndProject
Project("{9A19103F-16F7-4668-BE54-9A1E7A4F7556}") = "ExchangeRateTextBuilderHelper", "Helper\ExchangeRateTextBuilderHelper\ExchangeRateTextBuilderHelper.csproj", "{EC034D2D-7008-449B-B121-DFC5CADC5132}"
EndProject
Project("{9A19103F-16F7-4668-BE54-9A1E7A4F7556}") = "TextMessageBuilder.Interfaces", "TextMessageBuilder.Interfaces\TextMessageBuilder.Interfaces.csproj", "{7C275BBD-C245-4A38-B866-3BFC3046103D}"
EndProject
Project("{2150E333-8FDC-42A3-9474-1A3956D46DE8}") = "MessageBuilder", "MessageBuilder", "{A0C94039-1F94-44F7-BA6F-9B7056A9AD17}"
EndProject
Project("{9A19103F-16F7-4668-BE54-9A1E7A4F7556}") = "MessageBuilder.ExchangeRate", "MessageBuilder\MessageBuilder.ExchangeRate\MessageBuilder.ExchangeRate.csproj", "{8B679E3D-B200-4408-B90D-21D53EA2F667}"
EndProject
Project("{2150E333-8FDC-42A3-9474-1A3956D46DE8}") = "BankReaders", "BankReaders", "{67AD55E5-3349-41AA-9A7B-05F01A91E9F0}"
EndProject
Project("{9A19103F-16F7-4668-BE54-9A1E7A4F7556}") = "BankReader.Mono", "BankReaders\BankReader.Mono\BankReader.Mono.csproj", "{FF7F23FD-A041-404A-899E-FDCF9BC2A29F}"
EndProject
Project("{9A19103F-16F7-4668-BE54-9A1E7A4F7556}") = "BankReader.Rulya", "BankReaders\BankReader.Rulya\BankReader.Rulya.csproj", "{74C72B98-F4E7-4F70-8BE5-D3B25D63B4B3}"
EndProject
Project("{9A19103F-16F7-4668-BE54-9A1E7A4F7556}") = "BankReader.Privat", "BankReaders\BankReader.Privat\BankReader.Privat.csproj", "{D475919D-5D91-41E7-8171-6DE1EA86772E}"
EndProject
Project("{9A19103F-16F7-4668-BE54-9A1E7A4F7556}") = "BankReader.Lion", "BankReaders\BankReader.Lion\BankReader.Lion.csproj", "{8732B7C9-B105-4FAC-A1EF-8A1C132D4A9C}"
EndProject
Project("{9A19103F-16F7-4668-BE54-9A1E7A4F7556}") = "CommandHandler.Lion", "CommandHandler\CommandHandler.Lion\CommandHandler.Lion.csproj", "{D07F5FE9-EEE9-483C-B47C-4050E9514417}"
EndProject
Project("{FAE04EC0-301F-11D3-BF4B-00C04F79EFBC}") = "BankReader.Piramida", "BankReaders\BankReader.Piramida\BankReader.Piramida.csproj", "{A284EAC8-03FD-42C5-9E70-7F2C7246FBD2}"
EndProject
Project("{FAE04EC0-301F-11D3-BF4B-00C04F79EFBC}") = "CommandHandler.Piramida", "CommandHandler\CommandHandler.Piramida\CommandHandler.Piramida.csproj", "{A6681F0A-518F-4F3B-A065-655879A701A6}"
EndProject
Global
	GlobalSection(SolutionConfigurationPlatforms) = preSolution
		Debug|Any CPU = Debug|Any CPU
		Release|Any CPU = Release|Any CPU
	EndGlobalSection
	GlobalSection(ProjectConfigurationPlatforms) = postSolution
		{673D2FE7-5EDC-4ECF-BDF9-33A29B85B266}.Debug|Any CPU.ActiveCfg = Debug|Any CPU
		{673D2FE7-5EDC-4ECF-BDF9-33A29B85B266}.Debug|Any CPU.Build.0 = Debug|Any CPU
		{673D2FE7-5EDC-4ECF-BDF9-33A29B85B266}.Release|Any CPU.ActiveCfg = Release|Any CPU
		{673D2FE7-5EDC-4ECF-BDF9-33A29B85B266}.Release|Any CPU.Build.0 = Release|Any CPU
		{85CF2133-6CAC-4F01-9215-6D8BCE5C0183}.Debug|Any CPU.ActiveCfg = Debug|Any CPU
		{85CF2133-6CAC-4F01-9215-6D8BCE5C0183}.Debug|Any CPU.Build.0 = Debug|Any CPU
		{85CF2133-6CAC-4F01-9215-6D8BCE5C0183}.Release|Any CPU.ActiveCfg = Release|Any CPU
		{85CF2133-6CAC-4F01-9215-6D8BCE5C0183}.Release|Any CPU.Build.0 = Release|Any CPU
		{BE2DED98-BD13-4651-B32F-17A44C676593}.Debug|Any CPU.ActiveCfg = Debug|Any CPU
		{BE2DED98-BD13-4651-B32F-17A44C676593}.Debug|Any CPU.Build.0 = Debug|Any CPU
		{BE2DED98-BD13-4651-B32F-17A44C676593}.Release|Any CPU.ActiveCfg = Release|Any CPU
		{BE2DED98-BD13-4651-B32F-17A44C676593}.Release|Any CPU.Build.0 = Release|Any CPU
		{E50115E4-9780-46A1-9773-26DEC0C90B8E}.Debug|Any CPU.ActiveCfg = Debug|Any CPU
		{E50115E4-9780-46A1-9773-26DEC0C90B8E}.Debug|Any CPU.Build.0 = Debug|Any CPU
		{E50115E4-9780-46A1-9773-26DEC0C90B8E}.Release|Any CPU.ActiveCfg = Release|Any CPU
		{E50115E4-9780-46A1-9773-26DEC0C90B8E}.Release|Any CPU.Build.0 = Release|Any CPU
		{6FEEAD6D-88E9-486F-AE9D-B37DD0E8301B}.Debug|Any CPU.ActiveCfg = Debug|Any CPU
		{6FEEAD6D-88E9-486F-AE9D-B37DD0E8301B}.Debug|Any CPU.Build.0 = Debug|Any CPU
		{6FEEAD6D-88E9-486F-AE9D-B37DD0E8301B}.Release|Any CPU.ActiveCfg = Release|Any CPU
		{6FEEAD6D-88E9-486F-AE9D-B37DD0E8301B}.Release|Any CPU.Build.0 = Release|Any CPU
		{AAB6027D-9D9C-4C5F-9CA6-9DB960D3FBEA}.Debug|Any CPU.ActiveCfg = Debug|Any CPU
		{AAB6027D-9D9C-4C5F-9CA6-9DB960D3FBEA}.Debug|Any CPU.Build.0 = Debug|Any CPU
		{AAB6027D-9D9C-4C5F-9CA6-9DB960D3FBEA}.Release|Any CPU.ActiveCfg = Release|Any CPU
		{AAB6027D-9D9C-4C5F-9CA6-9DB960D3FBEA}.Release|Any CPU.Build.0 = Release|Any CPU
		{EC034D2D-7008-449B-B121-DFC5CADC5132}.Debug|Any CPU.ActiveCfg = Debug|Any CPU
		{EC034D2D-7008-449B-B121-DFC5CADC5132}.Debug|Any CPU.Build.0 = Debug|Any CPU
		{EC034D2D-7008-449B-B121-DFC5CADC5132}.Release|Any CPU.ActiveCfg = Release|Any CPU
		{EC034D2D-7008-449B-B121-DFC5CADC5132}.Release|Any CPU.Build.0 = Release|Any CPU
		{7C275BBD-C245-4A38-B866-3BFC3046103D}.Debug|Any CPU.ActiveCfg = Debug|Any CPU
		{7C275BBD-C245-4A38-B866-3BFC3046103D}.Debug|Any CPU.Build.0 = Debug|Any CPU
		{7C275BBD-C245-4A38-B866-3BFC3046103D}.Release|Any CPU.ActiveCfg = Release|Any CPU
		{7C275BBD-C245-4A38-B866-3BFC3046103D}.Release|Any CPU.Build.0 = Release|Any CPU
		{8B679E3D-B200-4408-B90D-21D53EA2F667}.Debug|Any CPU.ActiveCfg = Debug|Any CPU
		{8B679E3D-B200-4408-B90D-21D53EA2F667}.Debug|Any CPU.Build.0 = Debug|Any CPU
		{8B679E3D-B200-4408-B90D-21D53EA2F667}.Release|Any CPU.ActiveCfg = Release|Any CPU
		{8B679E3D-B200-4408-B90D-21D53EA2F667}.Release|Any CPU.Build.0 = Release|Any CPU
		{FF7F23FD-A041-404A-899E-FDCF9BC2A29F}.Debug|Any CPU.ActiveCfg = Debug|Any CPU
		{FF7F23FD-A041-404A-899E-FDCF9BC2A29F}.Debug|Any CPU.Build.0 = Debug|Any CPU
		{FF7F23FD-A041-404A-899E-FDCF9BC2A29F}.Release|Any CPU.ActiveCfg = Release|Any CPU
		{FF7F23FD-A041-404A-899E-FDCF9BC2A29F}.Release|Any CPU.Build.0 = Release|Any CPU
		{74C72B98-F4E7-4F70-8BE5-D3B25D63B4B3}.Debug|Any CPU.ActiveCfg = Debug|Any CPU
		{74C72B98-F4E7-4F70-8BE5-D3B25D63B4B3}.Debug|Any CPU.Build.0 = Debug|Any CPU
		{74C72B98-F4E7-4F70-8BE5-D3B25D63B4B3}.Release|Any CPU.ActiveCfg = Release|Any CPU
		{74C72B98-F4E7-4F70-8BE5-D3B25D63B4B3}.Release|Any CPU.Build.0 = Release|Any CPU
		{D475919D-5D91-41E7-8171-6DE1EA86772E}.Debug|Any CPU.ActiveCfg = Debug|Any CPU
		{D475919D-5D91-41E7-8171-6DE1EA86772E}.Debug|Any CPU.Build.0 = Debug|Any CPU
		{D475919D-5D91-41E7-8171-6DE1EA86772E}.Release|Any CPU.ActiveCfg = Release|Any CPU
		{D475919D-5D91-41E7-8171-6DE1EA86772E}.Release|Any CPU.Build.0 = Release|Any CPU
		{8732B7C9-B105-4FAC-A1EF-8A1C132D4A9C}.Debug|Any CPU.ActiveCfg = Debug|Any CPU
		{8732B7C9-B105-4FAC-A1EF-8A1C132D4A9C}.Debug|Any CPU.Build.0 = Debug|Any CPU
		{8732B7C9-B105-4FAC-A1EF-8A1C132D4A9C}.Release|Any CPU.ActiveCfg = Release|Any CPU
		{8732B7C9-B105-4FAC-A1EF-8A1C132D4A9C}.Release|Any CPU.Build.0 = Release|Any CPU
		{D07F5FE9-EEE9-483C-B47C-4050E9514417}.Debug|Any CPU.ActiveCfg = Debug|Any CPU
		{D07F5FE9-EEE9-483C-B47C-4050E9514417}.Debug|Any CPU.Build.0 = Debug|Any CPU
		{D07F5FE9-EEE9-483C-B47C-4050E9514417}.Release|Any CPU.ActiveCfg = Release|Any CPU
		{D07F5FE9-EEE9-483C-B47C-4050E9514417}.Release|Any CPU.Build.0 = Release|Any CPU
		{A284EAC8-03FD-42C5-9E70-7F2C7246FBD2}.Debug|Any CPU.ActiveCfg = Debug|Any CPU
		{A284EAC8-03FD-42C5-9E70-7F2C7246FBD2}.Debug|Any CPU.Build.0 = Debug|Any CPU
		{A284EAC8-03FD-42C5-9E70-7F2C7246FBD2}.Release|Any CPU.ActiveCfg = Release|Any CPU
		{A284EAC8-03FD-42C5-9E70-7F2C7246FBD2}.Release|Any CPU.Build.0 = Release|Any CPU
		{A6681F0A-518F-4F3B-A065-655879A701A6}.Debug|Any CPU.ActiveCfg = Debug|Any CPU
		{A6681F0A-518F-4F3B-A065-655879A701A6}.Debug|Any CPU.Build.0 = Debug|Any CPU
		{A6681F0A-518F-4F3B-A065-655879A701A6}.Release|Any CPU.ActiveCfg = Release|Any CPU
		{A6681F0A-518F-4F3B-A065-655879A701A6}.Release|Any CPU.Build.0 = Release|Any CPU
	EndGlobalSection
	GlobalSection(SolutionProperties) = preSolution
		HideSolutionNode = FALSE
	EndGlobalSection
	GlobalSection(NestedProjects) = preSolution
		{85CF2133-6CAC-4F01-9215-6D8BCE5C0183} = {F2E55F1F-ADF8-4152-B305-8B354B3BFD7A}
		{BE2DED98-BD13-4651-B32F-17A44C676593} = {FF64512C-78DA-4B31-B126-9678F4BA1FA2}
		{E50115E4-9780-46A1-9773-26DEC0C90B8E} = {FF64512C-78DA-4B31-B126-9678F4BA1FA2}
		{6FEEAD6D-88E9-486F-AE9D-B37DD0E8301B} = {FF64512C-78DA-4B31-B126-9678F4BA1FA2}
		{AAB6027D-9D9C-4C5F-9CA6-9DB960D3FBEA} = {F2E55F1F-ADF8-4152-B305-8B354B3BFD7A}
		{EC034D2D-7008-449B-B121-DFC5CADC5132} = {008A6B73-E92E-4418-9651-59E9B46CA29E}
		{7C275BBD-C245-4A38-B866-3BFC3046103D} = {F2E55F1F-ADF8-4152-B305-8B354B3BFD7A}
		{8B679E3D-B200-4408-B90D-21D53EA2F667} = {A0C94039-1F94-44F7-BA6F-9B7056A9AD17}
		{FF7F23FD-A041-404A-899E-FDCF9BC2A29F} = {67AD55E5-3349-41AA-9A7B-05F01A91E9F0}
		{74C72B98-F4E7-4F70-8BE5-D3B25D63B4B3} = {67AD55E5-3349-41AA-9A7B-05F01A91E9F0}
		{D475919D-5D91-41E7-8171-6DE1EA86772E} = {67AD55E5-3349-41AA-9A7B-05F01A91E9F0}
		{8732B7C9-B105-4FAC-A1EF-8A1C132D4A9C} = {67AD55E5-3349-41AA-9A7B-05F01A91E9F0}
		{D07F5FE9-EEE9-483C-B47C-4050E9514417} = {FF64512C-78DA-4B31-B126-9678F4BA1FA2}
		{A284EAC8-03FD-42C5-9E70-7F2C7246FBD2} = {67AD55E5-3349-41AA-9A7B-05F01A91E9F0}
		{A6681F0A-518F-4F3B-A065-655879A701A6} = {FF64512C-78DA-4B31-B126-9678F4BA1FA2}
	EndGlobalSection
	GlobalSection(ExtensibilityGlobals) = postSolution
		SolutionGuid = {3F305CAF-E680-422B-9BC6-DCE0DF13F442}
	EndGlobalSection
EndGlobal
